
Microsoft Visual Studio Solution File, Format Version 12.00
# Visual Studio Version 17
VisualStudioVersion = 17.10.35013.160
MinimumVisualStudioVersion = 10.0.40219.1
Project("{FAE04EC0-301F-11D3-BF4B-00C04F79EFBC}") = "Monogame - Topic 2 - Assignment", "Monogame - Topic 2 - Assignment\Monogame - Topic 2 - Assignment.csproj", "{3D7882A8-9D09-472B-A074-F5ED08F43298}"
EndProject
Global
	GlobalSection(SolutionConfigurationPlatforms) = preSolution
		Debug|Any CPU = Debug|Any CPU
		Release|Any CPU = Release|Any CPU
	EndGlobalSection
	GlobalSection(ProjectConfigurationPlatforms) = postSolution
		{3D7882A8-9D09-472B-A074-F5ED08F43298}.Debug|Any CPU.ActiveCfg = Debug|Any CPU
		{3D7882A8-9D09-472B-A074-F5ED08F43298}.Debug|Any CPU.Build.0 = Debug|Any CPU
		{3D7882A8-9D09-472B-A074-F5ED08F43298}.Release|Any CPU.ActiveCfg = Release|Any CPU
		{3D7882A8-9D09-472B-A074-F5ED08F43298}.Release|Any CPU.Build.0 = Release|Any CPU
	EndGlobalSection
	GlobalSection(SolutionProperties) = preSolution
		HideSolutionNode = FALSE
	EndGlobalSection
	GlobalSection(ExtensibilityGlobals) = postSolution
		SolutionGuid = {FA74A0BE-6DA4-43E1-81E1-D03A68DFBEBE}
	EndGlobalSection
EndGlobal
